
Microsoft Visual Studio Solution File, Format Version 12.00
# Visual Studio Version 17
VisualStudioVersion = 17.5.33627.172
MinimumVisualStudioVersion = 10.0.40219.1
Project("{FAE04EC0-301F-11D3-BF4B-00C04F79EFBC}") = "CustomerAPI", "CustomerAPI\CustomerAPI.csproj", "{FBEC6669-0498-46FC-ABEC-0604F09DB2B5}"
EndProject
Project("{FAE04EC0-301F-11D3-BF4B-00C04F79EFBC}") = "CutomerRepository", "CutomerRepository\CutomerRepository.csproj", "{9858F4DC-6B31-46EE-9008-8CF4FD24C77D}"
EndProject
Global
	GlobalSection(SolutionConfigurationPlatforms) = preSolution
		Debug|Any CPU = Debug|Any CPU
		Release|Any CPU = Release|Any CPU
	EndGlobalSection
	GlobalSection(ProjectConfigurationPlatforms) = postSolution
		{FBEC6669-0498-46FC-ABEC-0604F09DB2B5}.Debug|Any CPU.ActiveCfg = Debug|Any CPU
		{FBEC6669-0498-46FC-ABEC-0604F09DB2B5}.Debug|Any CPU.Build.0 = Debug|Any CPU
		{FBEC6669-0498-46FC-ABEC-0604F09DB2B5}.Release|Any CPU.ActiveCfg = Release|Any CPU
		{FBEC6669-0498-46FC-ABEC-0604F09DB2B5}.Release|Any CPU.Build.0 = Release|Any CPU
		{9858F4DC-6B31-46EE-9008-8CF4FD24C77D}.Debug|Any CPU.ActiveCfg = Debug|Any CPU
		{9858F4DC-6B31-46EE-9008-8CF4FD24C77D}.Debug|Any CPU.Build.0 = Debug|Any CPU
		{9858F4DC-6B31-46EE-9008-8CF4FD24C77D}.Release|Any CPU.ActiveCfg = Release|Any CPU
		{9858F4DC-6B31-46EE-9008-8CF4FD24C77D}.Release|Any CPU.Build.0 = Release|Any CPU
	EndGlobalSection
	GlobalSection(SolutionProperties) = preSolution
		HideSolutionNode = FALSE
	EndGlobalSection
	GlobalSection(ExtensibilityGlobals) = postSolution
		SolutionGuid = {10AE73A5-412D-4269-82F4-BEBCA1076FDA}
	EndGlobalSection
EndGlobal
